
Microsoft Visual Studio Solution File, Format Version 12.00
# Visual Studio Version 17
VisualStudioVersion = 17.3.32811.315
MinimumVisualStudioVersion = 10.0.40219.1
Project("{FAE04EC0-301F-11D3-BF4B-00C04F79EFBC}") = "TareaSemana2", "TareaSemana2\TareaSemana2.csproj", "{0CBB2143-B36C-45D5-8498-C8E2282C56F8}"
EndProject
Global
	GlobalSection(SolutionConfigurationPlatforms) = preSolution
		Debug|Any CPU = Debug|Any CPU
		Release|Any CPU = Release|Any CPU
	EndGlobalSection
	GlobalSection(ProjectConfigurationPlatforms) = postSolution
		{0CBB2143-B36C-45D5-8498-C8E2282C56F8}.Debug|Any CPU.ActiveCfg = Debug|Any CPU
		{0CBB2143-B36C-45D5-8498-C8E2282C56F8}.Debug|Any CPU.Build.0 = Debug|Any CPU
		{0CBB2143-B36C-45D5-8498-C8E2282C56F8}.Release|Any CPU.ActiveCfg = Release|Any CPU
		{0CBB2143-B36C-45D5-8498-C8E2282C56F8}.Release|Any CPU.Build.0 = Release|Any CPU
	EndGlobalSection
	GlobalSection(SolutionProperties) = preSolution
		HideSolutionNode = FALSE
	EndGlobalSection
	GlobalSection(ExtensibilityGlobals) = postSolution
		SolutionGuid = {03CAA28E-11F0-4857-B42A-972CD027FDB2}
	EndGlobalSection
EndGlobal
